
Microsoft Visual Studio Solution File, Format Version 12.00
# Visual Studio Version 17
VisualStudioVersion = 17.11.35222.181
MinimumVisualStudioVersion = 10.0.40219.1
Project("{FAE04EC0-301F-11D3-BF4B-00C04F79EFBC}") = "SoraPorfolio", "SoraPorfolio\SoraPorfolio.csproj", "{52F07F9B-0292-4E1B-81B4-0439067A99EA}"
EndProject
Global
	GlobalSection(SolutionConfigurationPlatforms) = preSolution
		Debug|Any CPU = Debug|Any CPU
		Release|Any CPU = Release|Any CPU
	EndGlobalSection
	GlobalSection(ProjectConfigurationPlatforms) = postSolution
		{52F07F9B-0292-4E1B-81B4-0439067A99EA}.Debug|Any CPU.ActiveCfg = Debug|Any CPU
		{52F07F9B-0292-4E1B-81B4-0439067A99EA}.Debug|Any CPU.Build.0 = Debug|Any CPU
		{52F07F9B-0292-4E1B-81B4-0439067A99EA}.Release|Any CPU.ActiveCfg = Release|Any CPU
		{52F07F9B-0292-4E1B-81B4-0439067A99EA}.Release|Any CPU.Build.0 = Release|Any CPU
	EndGlobalSection
	GlobalSection(SolutionProperties) = preSolution
		HideSolutionNode = FALSE
	EndGlobalSection
	GlobalSection(ExtensibilityGlobals) = postSolution
		SolutionGuid = {2A747FDC-F272-44F6-A588-933768642BB4}
	EndGlobalSection
EndGlobal
